// !$*UTF8*$!
{
	archiveVersion = 1;
	classes = {
	};
	objectVersion = 60;
	objects = {

/* Begin PBXBuildFile section */
		1BDD77B32BEC0FC90085E312 /* HTTPClient.swift in Sources */ = {isa = PBXBuildFile; fileRef = 1BDD77AE2BEC0FC90085E312 /* HTTPClient.swift */; };
		1BDD77B42BEC0FC90085E312 /* Service.swift in Sources */ = {isa = PBXBuildFile; fileRef = 1BDD77AF2BEC0FC90085E312 /* Service.swift */; };
		1BDD77B52BEC0FC90085E312 /* Shelter.swift in Sources */ = {isa = PBXBuildFile; fileRef = 1BDD77B12BEC0FC90085E312 /* Shelter.swift */; };
		798361F62BEAAB500058B4EE /* InformationView.swift in Sources */ = {isa = PBXBuildFile; fileRef = 798361F52BEAAB500058B4EE /* InformationView.swift */; };
		798361F82BEAAB780058B4EE /* MapView.swift in Sources */ = {isa = PBXBuildFile; fileRef = 798361F72BEAAB780058B4EE /* MapView.swift */; };
		79D399FE2BEC3DD000AE19A3 /* MapViewModel.swift in Sources */ = {isa = PBXBuildFile; fileRef = 79D399FD2BEC3DD000AE19A3 /* MapViewModel.swift */; };
		79D39A002BEC509800AE19A3 /* MapItem.swift in Sources */ = {isa = PBXBuildFile; fileRef = 79D399FF2BEC509800AE19A3 /* MapItem.swift */; };
		79D39A012BEC516300AE19A3 /* MSTabBar.swift in Sources */ = {isa = PBXBuildFile; fileRef = D911473B2BE8296200E5B6CD /* MSTabBar.swift */; };
		D911471B2BE8263C00E5B6CD /* EnchenteRSApp.swift in Sources */ = {isa = PBXBuildFile; fileRef = D911471A2BE8263C00E5B6CD /* EnchenteRSApp.swift */; };
		D911471F2BE8263C00E5B6CD /* MapsViewController.swift in Sources */ = {isa = PBXBuildFile; fileRef = D911471E2BE8263C00E5B6CD /* MapsViewController.swift */; };
		D91147242BE8263D00E5B6CD /* Assets.xcassets in Resources */ = {isa = PBXBuildFile; fileRef = D91147232BE8263D00E5B6CD /* Assets.xcassets */; };
		D91147302BE8265300E5B6CD /* GoogleMaps in Frameworks */ = {isa = PBXBuildFile; productRef = D911472F2BE8265300E5B6CD /* GoogleMaps */; };
		D91147322BE8265300E5B6CD /* GoogleMapsBase in Frameworks */ = {isa = PBXBuildFile; productRef = D91147312BE8265300E5B6CD /* GoogleMapsBase */; };
		D91147342BE8265300E5B6CD /* GoogleMapsCore in Frameworks */ = {isa = PBXBuildFile; productRef = D91147332BE8265300E5B6CD /* GoogleMapsCore */; };
		D91147362BE8265300E5B6CD /* GoogleMapsM4B in Frameworks */ = {isa = PBXBuildFile; productRef = D91147352BE8265300E5B6CD /* GoogleMapsM4B */; };
		D91147382BE8268D00E5B6CD /* GoogleMapsPrivacy.bundle in Resources */ = {isa = PBXBuildFile; fileRef = D91147372BE8268D00E5B6CD /* GoogleMapsPrivacy.bundle */; };
		D911473E2BE8299700E5B6CD /* SignupView.swift in Sources */ = {isa = PBXBuildFile; fileRef = D911473D2BE8299700E5B6CD /* SignupView.swift */; };
		D91147412BE9221200E5B6CD /* GooglePlaces in Frameworks */ = {isa = PBXBuildFile; productRef = D91147402BE9221200E5B6CD /* GooglePlaces */; };
		D9CA88CB2BEB1152005B9C34 /* MSAccordion.swift in Sources */ = {isa = PBXBuildFile; fileRef = D9CA88CA2BEB1152005B9C34 /* MSAccordion.swift */; };
		D9F3ADE92BEA73F80001A490 /* MSRadioButton.swift in Sources */ = {isa = PBXBuildFile; fileRef = D9F3ADE82BEA73F80001A490 /* MSRadioButton.swift */; };
		D9F3ADEB2BEA75900001A490 /* DynamicButton.swift in Sources */ = {isa = PBXBuildFile; fileRef = D9F3ADEA2BEA75900001A490 /* DynamicButton.swift */; };
		D9F3ADED2BEA78F60001A490 /* MSCheckButton.swift in Sources */ = {isa = PBXBuildFile; fileRef = D9F3ADEC2BEA78F60001A490 /* MSCheckButton.swift */; };
		D9F3ADEF2BEA871E0001A490 /* MSInput.swift in Sources */ = {isa = PBXBuildFile; fileRef = D9F3ADEE2BEA871E0001A490 /* MSInput.swift */; };
		D9F3ADF12BEA8E3F0001A490 /* MSButtom.swift in Sources */ = {isa = PBXBuildFile; fileRef = D9F3ADF02BEA8E3F0001A490 /* MSButtom.swift */; };
		D9F3ADFB2BEA94E80001A490 /* MSTextEditor.swift in Sources */ = {isa = PBXBuildFile; fileRef = D9F3ADFA2BEA94E80001A490 /* MSTextEditor.swift */; };
/* End PBXBuildFile section */

/* Begin PBXFileReference section */
		1BDD77AE2BEC0FC90085E312 /* HTTPClient.swift */ = {isa = PBXFileReference; fileEncoding = 4; lastKnownFileType = sourcecode.swift; path = HTTPClient.swift; sourceTree = "<group>"; };
		1BDD77AF2BEC0FC90085E312 /* Service.swift */ = {isa = PBXFileReference; fileEncoding = 4; lastKnownFileType = sourcecode.swift; path = Service.swift; sourceTree = "<group>"; };
		1BDD77B12BEC0FC90085E312 /* Shelter.swift */ = {isa = PBXFileReference; fileEncoding = 4; lastKnownFileType = sourcecode.swift; path = Shelter.swift; sourceTree = "<group>"; };
		7922E8302BEAA2BA00BE6826 /* Enchente-RS-Info.plist */ = {isa = PBXFileReference; lastKnownFileType = text.plist; path = "Enchente-RS-Info.plist"; sourceTree = SOURCE_ROOT; };
		798361F52BEAAB500058B4EE /* InformationView.swift */ = {isa = PBXFileReference; lastKnownFileType = sourcecode.swift; path = InformationView.swift; sourceTree = "<group>"; };
		798361F72BEAAB780058B4EE /* MapView.swift */ = {isa = PBXFileReference; lastKnownFileType = sourcecode.swift; path = MapView.swift; sourceTree = "<group>"; };
		79D399FD2BEC3DD000AE19A3 /* MapViewModel.swift */ = {isa = PBXFileReference; lastKnownFileType = sourcecode.swift; path = MapViewModel.swift; sourceTree = "<group>"; };
		79D399FF2BEC509800AE19A3 /* MapItem.swift */ = {isa = PBXFileReference; lastKnownFileType = sourcecode.swift; path = MapItem.swift; sourceTree = "<group>"; };
		D91147172BE8263C00E5B6CD /* Mapa Solidário.app */ = {isa = PBXFileReference; explicitFileType = wrapper.application; includeInIndex = 0; path = "Mapa Solidário.app"; sourceTree = BUILT_PRODUCTS_DIR; };
		D911471A2BE8263C00E5B6CD /* EnchenteRSApp.swift */ = {isa = PBXFileReference; lastKnownFileType = sourcecode.swift; path = EnchenteRSApp.swift; sourceTree = "<group>"; };
		D911471E2BE8263C00E5B6CD /* MapsViewController.swift */ = {isa = PBXFileReference; lastKnownFileType = sourcecode.swift; path = MapsViewController.swift; sourceTree = "<group>"; };
		D91147232BE8263D00E5B6CD /* Assets.xcassets */ = {isa = PBXFileReference; lastKnownFileType = folder.assetcatalog; path = Assets.xcassets; sourceTree = "<group>"; };
		D91147372BE8268D00E5B6CD /* GoogleMapsPrivacy.bundle */ = {isa = PBXFileReference; lastKnownFileType = "wrapper.plug-in"; path = GoogleMapsPrivacy.bundle; sourceTree = "<group>"; };
		D911473B2BE8296200E5B6CD /* MSTabBar.swift */ = {isa = PBXFileReference; lastKnownFileType = sourcecode.swift; path = MSTabBar.swift; sourceTree = "<group>"; };
		D911473D2BE8299700E5B6CD /* SignupView.swift */ = {isa = PBXFileReference; lastKnownFileType = sourcecode.swift; path = SignupView.swift; sourceTree = "<group>"; };
		D9CA88CA2BEB1152005B9C34 /* MSAccordion.swift */ = {isa = PBXFileReference; fileEncoding = 4; lastKnownFileType = sourcecode.swift; path = MSAccordion.swift; sourceTree = "<group>"; };
		D9F3ADE82BEA73F80001A490 /* MSRadioButton.swift */ = {isa = PBXFileReference; lastKnownFileType = sourcecode.swift; path = MSRadioButton.swift; sourceTree = "<group>"; };
		D9F3ADEA2BEA75900001A490 /* DynamicButton.swift */ = {isa = PBXFileReference; lastKnownFileType = sourcecode.swift; path = DynamicButton.swift; sourceTree = "<group>"; };
		D9F3ADEC2BEA78F60001A490 /* MSCheckButton.swift */ = {isa = PBXFileReference; lastKnownFileType = sourcecode.swift; path = MSCheckButton.swift; sourceTree = "<group>"; };
		D9F3ADEE2BEA871E0001A490 /* MSInput.swift */ = {isa = PBXFileReference; lastKnownFileType = sourcecode.swift; path = MSInput.swift; sourceTree = "<group>"; };
		D9F3ADF02BEA8E3F0001A490 /* MSButtom.swift */ = {isa = PBXFileReference; lastKnownFileType = sourcecode.swift; path = MSButtom.swift; sourceTree = "<group>"; };
		D9F3ADFA2BEA94E80001A490 /* MSTextEditor.swift */ = {isa = PBXFileReference; lastKnownFileType = sourcecode.swift; path = MSTextEditor.swift; sourceTree = "<group>"; };
/* End PBXFileReference section */

/* Begin PBXFrameworksBuildPhase section */
		D91147142BE8263C00E5B6CD /* Frameworks */ = {
			isa = PBXFrameworksBuildPhase;
			buildActionMask = 2147483647;
			files = (
				D91147302BE8265300E5B6CD /* GoogleMaps in Frameworks */,
				D91147342BE8265300E5B6CD /* GoogleMapsCore in Frameworks */,
				D91147362BE8265300E5B6CD /* GoogleMapsM4B in Frameworks */,
				D91147412BE9221200E5B6CD /* GooglePlaces in Frameworks */,
				D91147322BE8265300E5B6CD /* GoogleMapsBase in Frameworks */,
			);
			runOnlyForDeploymentPostprocessing = 0;
		};
/* End PBXFrameworksBuildPhase section */

/* Begin PBXGroup section */
		1BDD77B02BEC0FC90085E312 /* Service */ = {
			isa = PBXGroup;
			children = (
				1BDD77AE2BEC0FC90085E312 /* HTTPClient.swift */,
				1BDD77AF2BEC0FC90085E312 /* Service.swift */,
			);
			name = Service;
			path = "Enchente RS/Service";
			sourceTree = SOURCE_ROOT;
		};
		1BDD77B22BEC0FC90085E312 /* Model */ = {
			isa = PBXGroup;
			children = (
				1BDD77B12BEC0FC90085E312 /* Shelter.swift */,
			);
			name = Model;
			path = "Enchente RS/Model";
			sourceTree = SOURCE_ROOT;
		};
		798361F92BEAAB900058B4EE /* Scenes */ = {
			isa = PBXGroup;
			children = (
				798361FC2BEAABA40058B4EE /* Information */,
				798361FB2BEAAB9D0058B4EE /* Signup */,
				798361FA2BEAAB980058B4EE /* Map */,
			);
			path = Scenes;
			sourceTree = "<group>";
		};
		798361FA2BEAAB980058B4EE /* Map */ = {
			isa = PBXGroup;
			children = (
				D911471E2BE8263C00E5B6CD /* MapsViewController.swift */,
				798361F72BEAAB780058B4EE /* MapView.swift */,
				79D399FD2BEC3DD000AE19A3 /* MapViewModel.swift */,
				79D399FF2BEC509800AE19A3 /* MapItem.swift */,
			);
			path = Map;
			sourceTree = "<group>";
		};
		798361FB2BEAAB9D0058B4EE /* Signup */ = {
			isa = PBXGroup;
			children = (
				D911473D2BE8299700E5B6CD /* SignupView.swift */,
			);
			path = Signup;
			sourceTree = "<group>";
		};
		798361FC2BEAABA40058B4EE /* Information */ = {
			isa = PBXGroup;
			children = (
				798361F52BEAAB500058B4EE /* InformationView.swift */,
			);
			path = Information;
			sourceTree = "<group>";
		};
		D911470E2BE8263C00E5B6CD = {
			isa = PBXGroup;
			children = (
				D91147192BE8263C00E5B6CD /* MapaSolidario */,
				D91147182BE8263C00E5B6CD /* Products */,
			);
			sourceTree = "<group>";
		};
		D91147182BE8263C00E5B6CD /* Products */ = {
			isa = PBXGroup;
			children = (
				D91147172BE8263C00E5B6CD /* Mapa Solidário.app */,
			);
			name = Products;
			sourceTree = "<group>";
		};
		D91147192BE8263C00E5B6CD /* MapaSolidario */ = {
			isa = PBXGroup;
			children = (
				1BDD77B22BEC0FC90085E312 /* Model */,
				1BDD77B02BEC0FC90085E312 /* Service */,
				D9C6AD6F2BEB142100966DCA /* Preview Content */,
				798361F92BEAAB900058B4EE /* Scenes */,
				D98F51232BEA5E3800923C97 /* Components */,
				7922E8302BEAA2BA00BE6826 /* Enchente-RS-Info.plist */,
				D91147372BE8268D00E5B6CD /* GoogleMapsPrivacy.bundle */,
				D911471A2BE8263C00E5B6CD /* EnchenteRSApp.swift */,
				D91147232BE8263D00E5B6CD /* Assets.xcassets */,
			);
			path = MapaSolidario;
			sourceTree = "<group>";
		};
		D98F51232BEA5E3800923C97 /* Components */ = {
			isa = PBXGroup;
			children = (
				D9CA88CA2BEB1152005B9C34 /* MSAccordion.swift */,
				D911473B2BE8296200E5B6CD /* MSTabBar.swift */,
				D9F3ADF02BEA8E3F0001A490 /* MSButtom.swift */,
				D9F3ADE82BEA73F80001A490 /* MSRadioButton.swift */,
				D9F3ADEA2BEA75900001A490 /* DynamicButton.swift */,
				D9F3ADEC2BEA78F60001A490 /* MSCheckButton.swift */,
				D9F3ADEE2BEA871E0001A490 /* MSInput.swift */,
				D9F3ADFA2BEA94E80001A490 /* MSTextEditor.swift */,
			);
			path = Components;
			sourceTree = "<group>";
		};
		D9C6AD6F2BEB142100966DCA /* Preview Content */ = {
			isa = PBXGroup;
			children = (
			);
			path = "Preview Content";
			sourceTree = "<group>";
		};
/* End PBXGroup section */

/* Begin PBXNativeTarget section */
		D91147162BE8263C00E5B6CD /* Mapa Solidário */ = {
			isa = PBXNativeTarget;
			buildConfigurationList = D911472B2BE8263D00E5B6CD /* Build configuration list for PBXNativeTarget "Mapa Solidário" */;
			buildPhases = (
				D91147132BE8263C00E5B6CD /* Sources */,
				D91147142BE8263C00E5B6CD /* Frameworks */,
				D91147152BE8263C00E5B6CD /* Resources */,
			);
			buildRules = (
			);
			dependencies = (
			);
			name = "Mapa Solidário";
			packageProductDependencies = (
				D911472F2BE8265300E5B6CD /* GoogleMaps */,
				D91147312BE8265300E5B6CD /* GoogleMapsBase */,
				D91147332BE8265300E5B6CD /* GoogleMapsCore */,
				D91147352BE8265300E5B6CD /* GoogleMapsM4B */,
				D91147402BE9221200E5B6CD /* GooglePlaces */,
			);
			productName = MapaSolidario;
			productReference = D91147172BE8263C00E5B6CD /* Mapa Solidário.app */;
			productType = "com.apple.product-type.application";
		};
/* End PBXNativeTarget section */

/* Begin PBXProject section */
		D911470F2BE8263C00E5B6CD /* Project object */ = {
			isa = PBXProject;
			attributes = {
				BuildIndependentTargetsInParallel = 1;
				LastSwiftUpdateCheck = 1520;
				LastUpgradeCheck = 1520;
				TargetAttributes = {
					D91147162BE8263C00E5B6CD = {
						CreatedOnToolsVersion = 15.2;
					};
				};
			};
			buildConfigurationList = D91147122BE8263C00E5B6CD /* Build configuration list for PBXProject "MapaSolidario" */;
			compatibilityVersion = "Xcode 15.0";
			developmentRegion = en;
			hasScannedForEncodings = 0;
			knownRegions = (
				en,
				Base,
			);
			mainGroup = D911470E2BE8263C00E5B6CD;
			packageReferences = (
				D911472E2BE8265300E5B6CD /* XCRemoteSwiftPackageReference "ios-maps-sdk" */,
				D911473F2BE9221200E5B6CD /* XCRemoteSwiftPackageReference "ios-places-sdk" */,
			);
			productRefGroup = D91147182BE8263C00E5B6CD /* Products */;
			projectDirPath = "";
			projectRoot = "";
			targets = (
				D91147162BE8263C00E5B6CD /* Mapa Solidário */,
			);
		};
/* End PBXProject section */

/* Begin PBXResourcesBuildPhase section */
		D91147152BE8263C00E5B6CD /* Resources */ = {
			isa = PBXResourcesBuildPhase;
			buildActionMask = 2147483647;
			files = (
				D91147382BE8268D00E5B6CD /* GoogleMapsPrivacy.bundle in Resources */,
				D91147242BE8263D00E5B6CD /* Assets.xcassets in Resources */,
			);
			runOnlyForDeploymentPostprocessing = 0;
		};
/* End PBXResourcesBuildPhase section */

/* Begin PBXSourcesBuildPhase section */
		D91147132BE8263C00E5B6CD /* Sources */ = {
			isa = PBXSourcesBuildPhase;
			buildActionMask = 2147483647;
			files = (
				D911471F2BE8263C00E5B6CD /* MapsViewController.swift in Sources */,
				798361F82BEAAB780058B4EE /* MapView.swift in Sources */,
				798361F62BEAAB500058B4EE /* InformationView.swift in Sources */,
				D911473E2BE8299700E5B6CD /* SignupView.swift in Sources */,
				D911471B2BE8263C00E5B6CD /* EnchenteRSApp.swift in Sources */,
				1BDD77B42BEC0FC90085E312 /* Service.swift in Sources */,
				1BDD77B52BEC0FC90085E312 /* Shelter.swift in Sources */,
				79D39A002BEC509800AE19A3 /* MapItem.swift in Sources */,
				D9F3ADEF2BEA871E0001A490 /* MSInput.swift in Sources */,
				D9CA88CB2BEB1152005B9C34 /* MSAccordion.swift in Sources */,
				D9F3ADED2BEA78F60001A490 /* MSCheckButton.swift in Sources */,
				79D39A012BEC516300AE19A3 /* MSTabBar.swift in Sources */,
				D9F3ADE92BEA73F80001A490 /* MSRadioButton.swift in Sources */,
				1BDD77B32BEC0FC90085E312 /* HTTPClient.swift in Sources */,
				D9F3ADEB2BEA75900001A490 /* DynamicButton.swift in Sources */,
				D9F3ADF12BEA8E3F0001A490 /* MSButtom.swift in Sources */,
				D9F3ADFB2BEA94E80001A490 /* MSTextEditor.swift in Sources */,
				79D399FE2BEC3DD000AE19A3 /* MapViewModel.swift in Sources */,
			);
			runOnlyForDeploymentPostprocessing = 0;
		};
/* End PBXSourcesBuildPhase section */

/* Begin XCBuildConfiguration section */
		D91147292BE8263D00E5B6CD /* Debug */ = {
			isa = XCBuildConfiguration;
			buildSettings = {
				ALWAYS_SEARCH_USER_PATHS = NO;
				ASSETCATALOG_COMPILER_GENERATE_SWIFT_ASSET_SYMBOL_EXTENSIONS = YES;
				CLANG_ANALYZER_NONNULL = YES;
				CLANG_ANALYZER_NUMBER_OBJECT_CONVERSION = YES_AGGRESSIVE;
				CLANG_CXX_LANGUAGE_STANDARD = "gnu++23";
				CLANG_ENABLE_MODULES = YES;
				CLANG_ENABLE_OBJC_ARC = YES;
				CLANG_ENABLE_OBJC_WEAK = YES;
				CLANG_WARN_BLOCK_CAPTURE_AUTORELEASING = YES;
				CLANG_WARN_BOOL_CONVERSION = YES;
				CLANG_WARN_COMMA = YES;
				CLANG_WARN_CONSTANT_CONVERSION = YES;
				CLANG_WARN_DEPRECATED_OBJC_IMPLEMENTATIONS = YES;
				CLANG_WARN_DIRECT_OBJC_ISA_USAGE = YES_ERROR;
				CLANG_WARN_DOCUMENTATION_COMMENTS = YES;
				CLANG_WARN_EMPTY_BODY = YES;
				CLANG_WARN_ENUM_CONVERSION = YES;
				CLANG_WARN_INFINITE_RECURSION = YES;
				CLANG_WARN_INT_CONVERSION = YES;
				CLANG_WARN_NON_LITERAL_NULL_CONVERSION = YES;
				CLANG_WARN_OBJC_IMPLICIT_RETAIN_SELF = YES;
				CLANG_WARN_OBJC_LITERAL_CONVERSION = YES;
				CLANG_WARN_OBJC_ROOT_CLASS = YES_ERROR;
				CLANG_WARN_QUOTED_INCLUDE_IN_FRAMEWORK_HEADER = YES;
				CLANG_WARN_RANGE_LOOP_ANALYSIS = YES;
				CLANG_WARN_STRICT_PROTOTYPES = YES;
				CLANG_WARN_SUSPICIOUS_MOVE = YES;
				CLANG_WARN_UNGUARDED_AVAILABILITY = YES_AGGRESSIVE;
				CLANG_WARN_UNREACHABLE_CODE = YES;
				CLANG_WARN__DUPLICATE_METHOD_MATCH = YES;
				COPY_PHASE_STRIP = NO;
				DEBUG_INFORMATION_FORMAT = dwarf;
				ENABLE_STRICT_OBJC_MSGSEND = YES;
				ENABLE_TESTABILITY = YES;
				ENABLE_USER_SCRIPT_SANDBOXING = YES;
				GCC_C_LANGUAGE_STANDARD = gnu17;
				GCC_DYNAMIC_NO_PIC = NO;
				GCC_NO_COMMON_BLOCKS = YES;
				GCC_OPTIMIZATION_LEVEL = 0;
				GCC_PREPROCESSOR_DEFINITIONS = (
					"DEBUG=1",
					"$(inherited)",
				);
				GCC_WARN_64_TO_32_BIT_CONVERSION = YES;
				GCC_WARN_ABOUT_RETURN_TYPE = YES_ERROR;
				GCC_WARN_UNDECLARED_SELECTOR = YES;
				GCC_WARN_UNINITIALIZED_AUTOS = YES_AGGRESSIVE;
				GCC_WARN_UNUSED_FUNCTION = YES;
				GCC_WARN_UNUSED_VARIABLE = YES;
				IPHONEOS_DEPLOYMENT_TARGET = 15;
				LOCALIZATION_PREFERS_STRING_CATALOGS = YES;
				MTL_ENABLE_DEBUG_INFO = INCLUDE_SOURCE;
				MTL_FAST_MATH = YES;
				ONLY_ACTIVE_ARCH = YES;
				SDKROOT = iphoneos;
				SWIFT_ACTIVE_COMPILATION_CONDITIONS = "DEBUG $(inherited)";
				SWIFT_OPTIMIZATION_LEVEL = "-Onone";
			};
			name = Debug;
		};
		D911472A2BE8263D00E5B6CD /* Release */ = {
			isa = XCBuildConfiguration;
			buildSettings = {
				ALWAYS_SEARCH_USER_PATHS = NO;
				ASSETCATALOG_COMPILER_GENERATE_SWIFT_ASSET_SYMBOL_EXTENSIONS = YES;
				CLANG_ANALYZER_NONNULL = YES;
				CLANG_ANALYZER_NUMBER_OBJECT_CONVERSION = YES_AGGRESSIVE;
				CLANG_CXX_LANGUAGE_STANDARD = "gnu++23";
				CLANG_ENABLE_MODULES = YES;
				CLANG_ENABLE_OBJC_ARC = YES;
				CLANG_ENABLE_OBJC_WEAK = YES;
				CLANG_WARN_BLOCK_CAPTURE_AUTORELEASING = YES;
				CLANG_WARN_BOOL_CONVERSION = YES;
				CLANG_WARN_COMMA = YES;
				CLANG_WARN_CONSTANT_CONVERSION = YES;
				CLANG_WARN_DEPRECATED_OBJC_IMPLEMENTATIONS = YES;
				CLANG_WARN_DIRECT_OBJC_ISA_USAGE = YES_ERROR;
				CLANG_WARN_DOCUMENTATION_COMMENTS = YES;
				CLANG_WARN_EMPTY_BODY = YES;
				CLANG_WARN_ENUM_CONVERSION = YES;
				CLANG_WARN_INFINITE_RECURSION = YES;
				CLANG_WARN_INT_CONVERSION = YES;
				CLANG_WARN_NON_LITERAL_NULL_CONVERSION = YES;
				CLANG_WARN_OBJC_IMPLICIT_RETAIN_SELF = YES;
				CLANG_WARN_OBJC_LITERAL_CONVERSION = YES;
				CLANG_WARN_OBJC_ROOT_CLASS = YES_ERROR;
				CLANG_WARN_QUOTED_INCLUDE_IN_FRAMEWORK_HEADER = YES;
				CLANG_WARN_RANGE_LOOP_ANALYSIS = YES;
				CLANG_WARN_STRICT_PROTOTYPES = YES;
				CLANG_WARN_SUSPICIOUS_MOVE = YES;
				CLANG_WARN_UNGUARDED_AVAILABILITY = YES_AGGRESSIVE;
				CLANG_WARN_UNREACHABLE_CODE = YES;
				CLANG_WARN__DUPLICATE_METHOD_MATCH = YES;
				COPY_PHASE_STRIP = NO;
				DEBUG_INFORMATION_FORMAT = "dwarf-with-dsym";
				ENABLE_NS_ASSERTIONS = NO;
				ENABLE_STRICT_OBJC_MSGSEND = YES;
				ENABLE_USER_SCRIPT_SANDBOXING = YES;
				GCC_C_LANGUAGE_STANDARD = gnu17;
				GCC_NO_COMMON_BLOCKS = YES;
				GCC_WARN_64_TO_32_BIT_CONVERSION = YES;
				GCC_WARN_ABOUT_RETURN_TYPE = YES_ERROR;
				GCC_WARN_UNDECLARED_SELECTOR = YES;
				GCC_WARN_UNINITIALIZED_AUTOS = YES_AGGRESSIVE;
				GCC_WARN_UNUSED_FUNCTION = YES;
				GCC_WARN_UNUSED_VARIABLE = YES;
				IPHONEOS_DEPLOYMENT_TARGET = 15;
				LOCALIZATION_PREFERS_STRING_CATALOGS = YES;
				MTL_ENABLE_DEBUG_INFO = NO;
				MTL_FAST_MATH = YES;
				SDKROOT = iphoneos;
				SWIFT_COMPILATION_MODE = wholemodule;
				VALIDATE_PRODUCT = YES;
			};
			name = Release;
		};
		D911472C2BE8263D00E5B6CD /* Debug */ = {
			isa = XCBuildConfiguration;
			buildSettings = {
				ASSETCATALOG_COMPILER_APPICON_NAME = AppIcon;
				ASSETCATALOG_COMPILER_GLOBAL_ACCENT_COLOR_NAME = AccentColor;
				CODE_SIGN_STYLE = Automatic;
				CURRENT_PROJECT_VERSION = 1;
				DEVELOPMENT_ASSET_PATHS = "\"MapaSolidario/Preview Content/Preview Assets.xcassets\"";
				DEVELOPMENT_TEAM = 2TN8HUUR4R;
				GENERATE_INFOPLIST_FILE = YES;
				INFOPLIST_FILE = "Enchente-RS-Info.plist";
				INFOPLIST_KEY_NSLocationWhenInUseUsageDescription = "Para selecionar os pontos de referência";
				INFOPLIST_KEY_UIApplicationSceneManifest_Generation = YES;
				INFOPLIST_KEY_UIApplicationSupportsIndirectInputEvents = YES;
				INFOPLIST_KEY_UISupportedInterfaceOrientations = UIInterfaceOrientationPortrait;
				IPHONEOS_DEPLOYMENT_TARGET = 14;
				LD_RUNPATH_SEARCH_PATHS = (
					"$(inherited)",
					"@executable_path/Frameworks",
				);
				MARKETING_VERSION = 1.0;
				PRODUCT_BUNDLE_IDENTIFIER = br.com.mapasolidario;
				PRODUCT_NAME = "$(TARGET_NAME)";
				SWIFT_EMIT_LOC_STRINGS = YES;
				SWIFT_VERSION = 5.0;
				TARGETED_DEVICE_FAMILY = "1,2";
			};
			name = Debug;
		};
		D911472D2BE8263D00E5B6CD /* Release */ = {
			isa = XCBuildConfiguration;
			buildSettings = {
				ASSETCATALOG_COMPILER_APPICON_NAME = AppIcon;
				ASSETCATALOG_COMPILER_GLOBAL_ACCENT_COLOR_NAME = AccentColor;
				CODE_SIGN_STYLE = Automatic;
				CURRENT_PROJECT_VERSION = 1;
				DEVELOPMENT_ASSET_PATHS = "\"MapaSolidario/Preview Content/Preview Assets.xcassets\"";
				DEVELOPMENT_TEAM = 2TN8HUUR4R;
				GENERATE_INFOPLIST_FILE = YES;
				INFOPLIST_FILE = "Enchente-RS-Info.plist";
				INFOPLIST_KEY_NSLocationWhenInUseUsageDescription = "Para selecionar os pontos de referência";
				INFOPLIST_KEY_UIApplicationSceneManifest_Generation = YES;
				INFOPLIST_KEY_UIApplicationSupportsIndirectInputEvents = YES;
				INFOPLIST_KEY_UISupportedInterfaceOrientations = UIInterfaceOrientationPortrait;
				IPHONEOS_DEPLOYMENT_TARGET = 14;
				LD_RUNPATH_SEARCH_PATHS = (
					"$(inherited)",
					"@executable_path/Frameworks",
				);
				MARKETING_VERSION = 1.0;
				PRODUCT_BUNDLE_IDENTIFIER = br.com.mapasolidario;
				PRODUCT_NAME = "$(TARGET_NAME)";
				SWIFT_EMIT_LOC_STRINGS = YES;
				SWIFT_VERSION = 5.0;
				TARGETED_DEVICE_FAMILY = "1,2";
			};
			name = Release;
		};
/* End XCBuildConfiguration section */

/* Begin XCConfigurationList section */
		D91147122BE8263C00E5B6CD /* Build configuration list for PBXProject "MapaSolidario" */ = {
			isa = XCConfigurationList;
			buildConfigurations = (
				D91147292BE8263D00E5B6CD /* Debug */,
				D911472A2BE8263D00E5B6CD /* Release */,
			);
			defaultConfigurationIsVisible = 0;
			defaultConfigurationName = Release;
		};
		D911472B2BE8263D00E5B6CD /* Build configuration list for PBXNativeTarget "Mapa Solidário" */ = {
			isa = XCConfigurationList;
			buildConfigurations = (
				D911472C2BE8263D00E5B6CD /* Debug */,
				D911472D2BE8263D00E5B6CD /* Release */,
			);
			defaultConfigurationIsVisible = 0;
			defaultConfigurationName = Release;
		};
/* End XCConfigurationList section */

/* Begin XCRemoteSwiftPackageReference section */
		D911472E2BE8265300E5B6CD /* XCRemoteSwiftPackageReference "ios-maps-sdk" */ = {
			isa = XCRemoteSwiftPackageReference;
			repositoryURL = "https://github.com/googlemaps/ios-maps-sdk";
			requirement = {
				kind = upToNextMajorVersion;
				minimumVersion = 8.4.0;
			};
		};
		D911473F2BE9221200E5B6CD /* XCRemoteSwiftPackageReference "ios-places-sdk" */ = {
			isa = XCRemoteSwiftPackageReference;
			repositoryURL = "https://github.com/googlemaps/ios-places-sdk";
			requirement = {
				kind = upToNextMajorVersion;
				minimumVersion = 8.5.0;
			};
		};
/* End XCRemoteSwiftPackageReference section */

/* Begin XCSwiftPackageProductDependency section */
		D911472F2BE8265300E5B6CD /* GoogleMaps */ = {
			isa = XCSwiftPackageProductDependency;
			package = D911472E2BE8265300E5B6CD /* XCRemoteSwiftPackageReference "ios-maps-sdk" */;
			productName = GoogleMaps;
		};
		D91147312BE8265300E5B6CD /* GoogleMapsBase */ = {
			isa = XCSwiftPackageProductDependency;
			package = D911472E2BE8265300E5B6CD /* XCRemoteSwiftPackageReference "ios-maps-sdk" */;
			productName = GoogleMapsBase;
		};
		D91147332BE8265300E5B6CD /* GoogleMapsCore */ = {
			isa = XCSwiftPackageProductDependency;
			package = D911472E2BE8265300E5B6CD /* XCRemoteSwiftPackageReference "ios-maps-sdk" */;
			productName = GoogleMapsCore;
		};
		D91147352BE8265300E5B6CD /* GoogleMapsM4B */ = {
			isa = XCSwiftPackageProductDependency;
			package = D911472E2BE8265300E5B6CD /* XCRemoteSwiftPackageReference "ios-maps-sdk" */;
			productName = GoogleMapsM4B;
		};
		D91147402BE9221200E5B6CD /* GooglePlaces */ = {
			isa = XCSwiftPackageProductDependency;
			package = D911473F2BE9221200E5B6CD /* XCRemoteSwiftPackageReference "ios-places-sdk" */;
			productName = GooglePlaces;
		};
/* End XCSwiftPackageProductDependency section */
	};
	rootObject = D911470F2BE8263C00E5B6CD /* Project object */;
}
